
Microsoft Visual Studio Solution File, Format Version 12.00
# Visual Studio Version 17
VisualStudioVersion = 17.8.34525.116
MinimumVisualStudioVersion = 10.0.40219.1
Project("{FAE04EC0-301F-11D3-BF4B-00C04F79EFBC}") = "lab7_perelygin", "lab7_perelygin\lab7_perelygin.csproj", "{6BB84561-273F-42BC-85D1-CB2D4A03764A}"
EndProject
Global
	GlobalSection(SolutionConfigurationPlatforms) = preSolution
		Debug|Any CPU = Debug|Any CPU
		Release|Any CPU = Release|Any CPU
	EndGlobalSection
	GlobalSection(ProjectConfigurationPlatforms) = postSolution
		{6BB84561-273F-42BC-85D1-CB2D4A03764A}.Debug|Any CPU.ActiveCfg = Debug|Any CPU
		{6BB84561-273F-42BC-85D1-CB2D4A03764A}.Debug|Any CPU.Build.0 = Debug|Any CPU
		{6BB84561-273F-42BC-85D1-CB2D4A03764A}.Release|Any CPU.ActiveCfg = Release|Any CPU
		{6BB84561-273F-42BC-85D1-CB2D4A03764A}.Release|Any CPU.Build.0 = Release|Any CPU
	EndGlobalSection
	GlobalSection(SolutionProperties) = preSolution
		HideSolutionNode = FALSE
	EndGlobalSection
	GlobalSection(ExtensibilityGlobals) = postSolution
		SolutionGuid = {1325200A-055B-4723-9B27-8F11EC8645D4}
	EndGlobalSection
EndGlobal
